Microsoft Visual Studio Solution File, Format Version 12.00
# Visual Studio Version 17
VisualStudioVersion = 17.5.2.0
MinimumVisualStudioVersion = 10.0.40219.1
Project("{FAE04EC0-301F-11D3-BF4B-00C04F79EFBC}") = "SetDisplayZoom", "SetDisplayZoom.csproj", "{5CFB7C77-A34A-591A-4FAF-EC3DE41F9740}"
EndProject
Global
	GlobalSection(SolutionConfigurationPlatforms) = preSolution
		Debug|Any CPU = Debug|Any CPU
		Release|Any CPU = Release|Any CPU
	EndGlobalSection
	GlobalSection(ProjectConfigurationPlatforms) = postSolution
		{5CFB7C77-A34A-591A-4FAF-EC3DE41F9740}.Debug|Any CPU.ActiveCfg = Debug|Any CPU
		{5CFB7C77-A34A-591A-4FAF-EC3DE41F9740}.Debug|Any CPU.Build.0 = Debug|Any CPU
		{5CFB7C77-A34A-591A-4FAF-EC3DE41F9740}.Release|Any CPU.ActiveCfg = Release|Any CPU
		{5CFB7C77-A34A-591A-4FAF-EC3DE41F9740}.Release|Any CPU.Build.0 = Release|Any CPU
	EndGlobalSection
	GlobalSection(SolutionProperties) = preSolution
		HideSolutionNode = FALSE
	EndGlobalSection
	GlobalSection(ExtensibilityGlobals) = postSolution
		SolutionGuid = {CA1B00FF-EF0F-4727-99B4-ED204FAC0E66}
	EndGlobalSection
EndGlobal
